
Microsoft Visual Studio Solution File, Format Version 12.00
# Visual Studio Version 16
VisualStudioVersion = 16.0.31424.327
MinimumVisualStudioVersion = 10.0.40219.1
Project("{FAE04EC0-301F-11D3-BF4B-00C04F79EFBC}") = "AudioRecorder.Android", "AudioRecorder\AudioRecorder.Android\AudioRecorder.Android.csproj", "{E40B6931-5E6C-41CD-BD04-09AB493DA9CE}"
EndProject
Project("{FAE04EC0-301F-11D3-BF4B-00C04F79EFBC}") = "AudioRecorder.iOS", "AudioRecorder\AudioRecorder.iOS\AudioRecorder.iOS.csproj", "{12B4DF4F-BDDF-4F7F-B859-ACC3875F988C}"
EndProject
Project("{FAE04EC0-301F-11D3-BF4B-00C04F79EFBC}") = "AudioRecorder", "AudioRecorder\AudioRecorder\AudioRecorder.csproj", "{7CD7F7B1-2136-4BA7-A527-83A84FDF05E6}"
EndProject
Global
	GlobalSection(SolutionConfigurationPlatforms) = preSolution
		Debug|Any CPU = Debug|Any CPU
		Debug|iPhone = Debug|iPhone
		Debug|iPhoneSimulator = Debug|iPhoneSimulator
		Release|Any CPU = Release|Any CPU
		Release|iPhone = Release|iPhone
		Release|iPhoneSimulator = Release|iPhoneSimulator
	EndGlobalSection
	GlobalSection(ProjectConfigurationPlatforms) = postSolution
		{E40B6931-5E6C-41CD-BD04-09AB493DA9CE}.Debug|Any CPU.ActiveCfg = Debug|Any CPU
		{E40B6931-5E6C-41CD-BD04-09AB493DA9CE}.Debug|Any CPU.Build.0 = Debug|Any CPU
		{E40B6931-5E6C-41CD-BD04-09AB493DA9CE}.Debug|Any CPU.Deploy.0 = Debug|Any CPU
		{E40B6931-5E6C-41CD-BD04-09AB493DA9CE}.Debug|iPhone.ActiveCfg = Debug|Any CPU
		{E40B6931-5E6C-41CD-BD04-09AB493DA9CE}.Debug|iPhone.Build.0 = Debug|Any CPU
		{E40B6931-5E6C-41CD-BD04-09AB493DA9CE}.Debug|iPhone.Deploy.0 = Debug|Any CPU
		{E40B6931-5E6C-41CD-BD04-09AB493DA9CE}.Debug|iPhoneSimulator.ActiveCfg = Debug|Any CPU
		{E40B6931-5E6C-41CD-BD04-09AB493DA9CE}.Debug|iPhoneSimulator.Build.0 = Debug|Any CPU
		{E40B6931-5E6C-41CD-BD04-09AB493DA9CE}.Debug|iPhoneSimulator.Deploy.0 = Debug|Any CPU
		{E40B6931-5E6C-41CD-BD04-09AB493DA9CE}.Release|Any CPU.ActiveCfg = Release|Any CPU
		{E40B6931-5E6C-41CD-BD04-09AB493DA9CE}.Release|Any CPU.Build.0 = Release|Any CPU
		{E40B6931-5E6C-41CD-BD04-09AB493DA9CE}.Release|Any CPU.Deploy.0 = Release|Any CPU
		{E40B6931-5E6C-41CD-BD04-09AB493DA9CE}.Release|iPhone.ActiveCfg = Release|Any CPU
		{E40B6931-5E6C-41CD-BD04-09AB493DA9CE}.Release|iPhone.Build.0 = Release|Any CPU
		{E40B6931-5E6C-41CD-BD04-09AB493DA9CE}.Release|iPhone.Deploy.0 = Release|Any CPU
		{E40B6931-5E6C-41CD-BD04-09AB493DA9CE}.Release|iPhoneSimulator.ActiveCfg = Release|Any CPU
		{E40B6931-5E6C-41CD-BD04-09AB493DA9CE}.Release|iPhoneSimulator.Build.0 = Release|Any CPU
		{E40B6931-5E6C-41CD-BD04-09AB493DA9CE}.Release|iPhoneSimulator.Deploy.0 = Release|Any CPU
		{12B4DF4F-BDDF-4F7F-B859-ACC3875F988C}.Debug|Any CPU.ActiveCfg = Debug|iPhone
		{12B4DF4F-BDDF-4F7F-B859-ACC3875F988C}.Debug|Any CPU.Build.0 = Debug|iPhone
		{12B4DF4F-BDDF-4F7F-B859-ACC3875F988C}.Debug|Any CPU.Deploy.0 = Debug|iPhone
		{12B4DF4F-BDDF-4F7F-B859-ACC3875F988C}.Debug|iPhone.ActiveCfg = Debug|iPhone
		{12B4DF4F-BDDF-4F7F-B859-ACC3875F988C}.Debug|iPhone.Build.0 = Debug|iPhone
		{12B4DF4F-BDDF-4F7F-B859-ACC3875F988C}.Debug|iPhone.Deploy.0 = Debug|iPhone
		{12B4DF4F-BDDF-4F7F-B859-ACC3875F988C}.Debug|iPhoneSimulator.ActiveCfg = Debug|iPhoneSimulator
		{12B4DF4F-BDDF-4F7F-B859-ACC3875F988C}.Debug|iPhoneSimulator.Build.0 = Debug|iPhoneSimulator
		{12B4DF4F-BDDF-4F7F-B859-ACC3875F988C}.Debug|iPhoneSimulator.Deploy.0 = Debug|iPhoneSimulator
		{12B4DF4F-BDDF-4F7F-B859-ACC3875F988C}.Release|Any CPU.ActiveCfg = Release|iPhoneSimulator
		{12B4DF4F-BDDF-4F7F-B859-ACC3875F988C}.Release|Any CPU.Build.0 = Release|iPhoneSimulator
		{12B4DF4F-BDDF-4F7F-B859-ACC3875F988C}.Release|Any CPU.Deploy.0 = Release|iPhoneSimulator
		{12B4DF4F-BDDF-4F7F-B859-ACC3875F988C}.Release|iPhone.ActiveCfg = Release|iPhone
		{12B4DF4F-BDDF-4F7F-B859-ACC3875F988C}.Release|iPhone.Build.0 = Release|iPhone
		{12B4DF4F-BDDF-4F7F-B859-ACC3875F988C}.Release|iPhone.Deploy.0 = Release|iPhone
		{12B4DF4F-BDDF-4F7F-B859-ACC3875F988C}.Release|iPhoneSimulator.ActiveCfg = Release|iPhoneSimulator
		{12B4DF4F-BDDF-4F7F-B859-ACC3875F988C}.Release|iPhoneSimulator.Build.0 = Release|iPhoneSimulator
		{12B4DF4F-BDDF-4F7F-B859-ACC3875F988C}.Release|iPhoneSimulator.Deploy.0 = Release|iPhoneSimulator
		{7CD7F7B1-2136-4BA7-A527-83A84FDF05E6}.Debug|Any CPU.ActiveCfg = Debug|Any CPU
		{7CD7F7B1-2136-4BA7-A527-83A84FDF05E6}.Debug|Any CPU.Build.0 = Debug|Any CPU
		{7CD7F7B1-2136-4BA7-A527-83A84FDF05E6}.Debug|Any CPU.Deploy.0 = Debug|Any CPU
		{7CD7F7B1-2136-4BA7-A527-83A84FDF05E6}.Debug|iPhone.ActiveCfg = Debug|Any CPU
		{7CD7F7B1-2136-4BA7-A527-83A84FDF05E6}.Debug|iPhone.Build.0 = Debug|Any CPU
		{7CD7F7B1-2136-4BA7-A527-83A84FDF05E6}.Debug|iPhone.Deploy.0 = Debug|Any CPU
		{7CD7F7B1-2136-4BA7-A527-83A84FDF05E6}.Debug|iPhoneSimulator.ActiveCfg = Debug|Any CPU
		{7CD7F7B1-2136-4BA7-A527-83A84FDF05E6}.Debug|iPhoneSimulator.Build.0 = Debug|Any CPU
		{7CD7F7B1-2136-4BA7-A527-83A84FDF05E6}.Debug|iPhoneSimulator.Deploy.0 = Debug|Any CPU
		{7CD7F7B1-2136-4BA7-A527-83A84FDF05E6}.Release|Any CPU.ActiveCfg = Release|Any CPU
		{7CD7F7B1-2136-4BA7-A527-83A84FDF05E6}.Release|Any CPU.Build.0 = Release|Any CPU
		{7CD7F7B1-2136-4BA7-A527-83A84FDF05E6}.Release|Any CPU.Deploy.0 = Release|Any CPU
		{7CD7F7B1-2136-4BA7-A527-83A84FDF05E6}.Release|iPhone.ActiveCfg = Release|Any CPU
		{7CD7F7B1-2136-4BA7-A527-83A84FDF05E6}.Release|iPhone.Build.0 = Release|Any CPU
		{7CD7F7B1-2136-4BA7-A527-83A84FDF05E6}.Release|iPhone.Deploy.0 = Release|Any CPU
		{7CD7F7B1-2136-4BA7-A527-83A84FDF05E6}.Release|iPhoneSimulator.ActiveCfg = Release|Any CPU
		{7CD7F7B1-2136-4BA7-A527-83A84FDF05E6}.Release|iPhoneSimulator.Build.0 = Release|Any CPU
		{7CD7F7B1-2136-4BA7-A527-83A84FDF05E6}.Release|iPhoneSimulator.Deploy.0 = Release|Any CPU
	EndGlobalSection
	GlobalSection(SolutionProperties) = preSolution
		HideSolutionNode = FALSE
	EndGlobalSection
	GlobalSection(ExtensibilityGlobals) = postSolution
		SolutionGuid = {4F5C715A-7384-444B-AFE6-CEF0B4C37879}
	EndGlobalSection
EndGlobal
