
Microsoft Visual Studio Solution File, Format Version 12.00
# Visual Studio Version 16
VisualStudioVersion = 16.0.31410.357
MinimumVisualStudioVersion = 10.0.40219.1
Project("{FAE04EC0-301F-11D3-BF4B-00C04F79EFBC}") = "Bank.Android", "Bank\Bank.Android\Bank.Android.csproj", "{04EE6D75-7753-400D-91E0-8A0BB3C180FC}"
EndProject
Project("{FAE04EC0-301F-11D3-BF4B-00C04F79EFBC}") = "Bank.iOS", "Bank\Bank.iOS\Bank.iOS.csproj", "{86CE7423-EC3A-4B01-BD15-0A767439FCF3}"
EndProject
Project("{FAE04EC0-301F-11D3-BF4B-00C04F79EFBC}") = "Bank", "Bank\Bank\Bank.csproj", "{9950EE41-EF17-4B8C-ADAC-8F95634107CB}"
EndProject
Global
	GlobalSection(SolutionConfigurationPlatforms) = preSolution
		Debug|Any CPU = Debug|Any CPU
		Debug|iPhone = Debug|iPhone
		Debug|iPhoneSimulator = Debug|iPhoneSimulator
		Release|Any CPU = Release|Any CPU
		Release|iPhone = Release|iPhone
		Release|iPhoneSimulator = Release|iPhoneSimulator
	EndGlobalSection
	GlobalSection(ProjectConfigurationPlatforms) = postSolution
		{04EE6D75-7753-400D-91E0-8A0BB3C180FC}.Debug|Any CPU.ActiveCfg = Debug|Any CPU
		{04EE6D75-7753-400D-91E0-8A0BB3C180FC}.Debug|Any CPU.Build.0 = Debug|Any CPU
		{04EE6D75-7753-400D-91E0-8A0BB3C180FC}.Debug|Any CPU.Deploy.0 = Debug|Any CPU
		{04EE6D75-7753-400D-91E0-8A0BB3C180FC}.Debug|iPhone.ActiveCfg = Debug|Any CPU
		{04EE6D75-7753-400D-91E0-8A0BB3C180FC}.Debug|iPhone.Build.0 = Debug|Any CPU
		{04EE6D75-7753-400D-91E0-8A0BB3C180FC}.Debug|iPhone.Deploy.0 = Debug|Any CPU
		{04EE6D75-7753-400D-91E0-8A0BB3C180FC}.Debug|iPhoneSimulator.ActiveCfg = Debug|Any CPU
		{04EE6D75-7753-400D-91E0-8A0BB3C180FC}.Debug|iPhoneSimulator.Build.0 = Debug|Any CPU
		{04EE6D75-7753-400D-91E0-8A0BB3C180FC}.Debug|iPhoneSimulator.Deploy.0 = Debug|Any CPU
		{04EE6D75-7753-400D-91E0-8A0BB3C180FC}.Release|Any CPU.ActiveCfg = Release|Any CPU
		{04EE6D75-7753-400D-91E0-8A0BB3C180FC}.Release|Any CPU.Build.0 = Release|Any CPU
		{04EE6D75-7753-400D-91E0-8A0BB3C180FC}.Release|Any CPU.Deploy.0 = Release|Any CPU
		{04EE6D75-7753-400D-91E0-8A0BB3C180FC}.Release|iPhone.ActiveCfg = Release|Any CPU
		{04EE6D75-7753-400D-91E0-8A0BB3C180FC}.Release|iPhone.Build.0 = Release|Any CPU
		{04EE6D75-7753-400D-91E0-8A0BB3C180FC}.Release|iPhone.Deploy.0 = Release|Any CPU
		{04EE6D75-7753-400D-91E0-8A0BB3C180FC}.Release|iPhoneSimulator.ActiveCfg = Release|Any CPU
		{04EE6D75-7753-400D-91E0-8A0BB3C180FC}.Release|iPhoneSimulator.Build.0 = Release|Any CPU
		{04EE6D75-7753-400D-91E0-8A0BB3C180FC}.Release|iPhoneSimulator.Deploy.0 = Release|Any CPU
		{86CE7423-EC3A-4B01-BD15-0A767439FCF3}.Debug|Any CPU.ActiveCfg = Debug|iPhone
		{86CE7423-EC3A-4B01-BD15-0A767439FCF3}.Debug|Any CPU.Build.0 = Debug|iPhone
		{86CE7423-EC3A-4B01-BD15-0A767439FCF3}.Debug|Any CPU.Deploy.0 = Debug|iPhone
		{86CE7423-EC3A-4B01-BD15-0A767439FCF3}.Debug|iPhone.ActiveCfg = Debug|iPhone
		{86CE7423-EC3A-4B01-BD15-0A767439FCF3}.Debug|iPhone.Build.0 = Debug|iPhone
		{86CE7423-EC3A-4B01-BD15-0A767439FCF3}.Debug|iPhone.Deploy.0 = Debug|iPhone
		{86CE7423-EC3A-4B01-BD15-0A767439FCF3}.Debug|iPhoneSimulator.ActiveCfg = Debug|iPhoneSimulator
		{86CE7423-EC3A-4B01-BD15-0A767439FCF3}.Debug|iPhoneSimulator.Build.0 = Debug|iPhoneSimulator
		{86CE7423-EC3A-4B01-BD15-0A767439FCF3}.Debug|iPhoneSimulator.Deploy.0 = Debug|iPhoneSimulator
		{86CE7423-EC3A-4B01-BD15-0A767439FCF3}.Release|Any CPU.ActiveCfg = Release|iPhoneSimulator
		{86CE7423-EC3A-4B01-BD15-0A767439FCF3}.Release|Any CPU.Build.0 = Release|iPhoneSimulator
		{86CE7423-EC3A-4B01-BD15-0A767439FCF3}.Release|Any CPU.Deploy.0 = Release|iPhoneSimulator
		{86CE7423-EC3A-4B01-BD15-0A767439FCF3}.Release|iPhone.ActiveCfg = Release|iPhone
		{86CE7423-EC3A-4B01-BD15-0A767439FCF3}.Release|iPhone.Build.0 = Release|iPhone
		{86CE7423-EC3A-4B01-BD15-0A767439FCF3}.Release|iPhone.Deploy.0 = Release|iPhone
		{86CE7423-EC3A-4B01-BD15-0A767439FCF3}.Release|iPhoneSimulator.ActiveCfg = Release|iPhoneSimulator
		{86CE7423-EC3A-4B01-BD15-0A767439FCF3}.Release|iPhoneSimulator.Build.0 = Release|iPhoneSimulator
		{86CE7423-EC3A-4B01-BD15-0A767439FCF3}.Release|iPhoneSimulator.Deploy.0 = Release|iPhoneSimulator
		{9950EE41-EF17-4B8C-ADAC-8F95634107CB}.Debug|Any CPU.ActiveCfg = Debug|Any CPU
		{9950EE41-EF17-4B8C-ADAC-8F95634107CB}.Debug|Any CPU.Build.0 = Debug|Any CPU
		{9950EE41-EF17-4B8C-ADAC-8F95634107CB}.Debug|Any CPU.Deploy.0 = Debug|Any CPU
		{9950EE41-EF17-4B8C-ADAC-8F95634107CB}.Debug|iPhone.ActiveCfg = Debug|Any CPU
		{9950EE41-EF17-4B8C-ADAC-8F95634107CB}.Debug|iPhone.Build.0 = Debug|Any CPU
		{9950EE41-EF17-4B8C-ADAC-8F95634107CB}.Debug|iPhone.Deploy.0 = Debug|Any CPU
		{9950EE41-EF17-4B8C-ADAC-8F95634107CB}.Debug|iPhoneSimulator.ActiveCfg = Debug|Any CPU
		{9950EE41-EF17-4B8C-ADAC-8F95634107CB}.Debug|iPhoneSimulator.Build.0 = Debug|Any CPU
		{9950EE41-EF17-4B8C-ADAC-8F95634107CB}.Debug|iPhoneSimulator.Deploy.0 = Debug|Any CPU
		{9950EE41-EF17-4B8C-ADAC-8F95634107CB}.Release|Any CPU.ActiveCfg = Release|Any CPU
		{9950EE41-EF17-4B8C-ADAC-8F95634107CB}.Release|Any CPU.Build.0 = Release|Any CPU
		{9950EE41-EF17-4B8C-ADAC-8F95634107CB}.Release|Any CPU.Deploy.0 = Release|Any CPU
		{9950EE41-EF17-4B8C-ADAC-8F95634107CB}.Release|iPhone.ActiveCfg = Release|Any CPU
		{9950EE41-EF17-4B8C-ADAC-8F95634107CB}.Release|iPhone.Build.0 = Release|Any CPU
		{9950EE41-EF17-4B8C-ADAC-8F95634107CB}.Release|iPhone.Deploy.0 = Release|Any CPU
		{9950EE41-EF17-4B8C-ADAC-8F95634107CB}.Release|iPhoneSimulator.ActiveCfg = Release|Any CPU
		{9950EE41-EF17-4B8C-ADAC-8F95634107CB}.Release|iPhoneSimulator.Build.0 = Release|Any CPU
		{9950EE41-EF17-4B8C-ADAC-8F95634107CB}.Release|iPhoneSimulator.Deploy.0 = Release|Any CPU
	EndGlobalSection
	GlobalSection(SolutionProperties) = preSolution
		HideSolutionNode = FALSE
	EndGlobalSection
	GlobalSection(ExtensibilityGlobals) = postSolution
		SolutionGuid = {245A33A3-8B5D-46BF-BB6E-E74889C906CC}
	EndGlobalSection
EndGlobal
