
Microsoft Visual Studio Solution File, Format Version 12.00
# Visual Studio Version 16
VisualStudioVersion = 16.0.31424.327
MinimumVisualStudioVersion = 10.0.40219.1
Project("{FAE04EC0-301F-11D3-BF4B-00C04F79EFBC}") = "Estilos.Android", "Estilos\Estilos.Android\Estilos.Android.csproj", "{C675A721-4A49-4B3C-A315-511E26C3389A}"
EndProject
Project("{FAE04EC0-301F-11D3-BF4B-00C04F79EFBC}") = "Estilos.iOS", "Estilos\Estilos.iOS\Estilos.iOS.csproj", "{E3D1DCF2-FCF5-4D73-B2A7-AE4E8B580D8C}"
EndProject
Project("{FAE04EC0-301F-11D3-BF4B-00C04F79EFBC}") = "Estilos", "Estilos\Estilos\Estilos.csproj", "{4A73A520-A551-48AD-9B4D-41D8B544FF49}"
EndProject
Global
	GlobalSection(SolutionConfigurationPlatforms) = preSolution
		Debug|Any CPU = Debug|Any CPU
		Debug|iPhone = Debug|iPhone
		Debug|iPhoneSimulator = Debug|iPhoneSimulator
		Release|Any CPU = Release|Any CPU
		Release|iPhone = Release|iPhone
		Release|iPhoneSimulator = Release|iPhoneSimulator
	EndGlobalSection
	GlobalSection(ProjectConfigurationPlatforms) = postSolution
		{C675A721-4A49-4B3C-A315-511E26C3389A}.Debug|Any CPU.ActiveCfg = Debug|Any CPU
		{C675A721-4A49-4B3C-A315-511E26C3389A}.Debug|Any CPU.Build.0 = Debug|Any CPU
		{C675A721-4A49-4B3C-A315-511E26C3389A}.Debug|Any CPU.Deploy.0 = Debug|Any CPU
		{C675A721-4A49-4B3C-A315-511E26C3389A}.Debug|iPhone.ActiveCfg = Debug|Any CPU
		{C675A721-4A49-4B3C-A315-511E26C3389A}.Debug|iPhone.Build.0 = Debug|Any CPU
		{C675A721-4A49-4B3C-A315-511E26C3389A}.Debug|iPhone.Deploy.0 = Debug|Any CPU
		{C675A721-4A49-4B3C-A315-511E26C3389A}.Debug|iPhoneSimulator.ActiveCfg = Debug|Any CPU
		{C675A721-4A49-4B3C-A315-511E26C3389A}.Debug|iPhoneSimulator.Build.0 = Debug|Any CPU
		{C675A721-4A49-4B3C-A315-511E26C3389A}.Debug|iPhoneSimulator.Deploy.0 = Debug|Any CPU
		{C675A721-4A49-4B3C-A315-511E26C3389A}.Release|Any CPU.ActiveCfg = Release|Any CPU
		{C675A721-4A49-4B3C-A315-511E26C3389A}.Release|Any CPU.Build.0 = Release|Any CPU
		{C675A721-4A49-4B3C-A315-511E26C3389A}.Release|Any CPU.Deploy.0 = Release|Any CPU
		{C675A721-4A49-4B3C-A315-511E26C3389A}.Release|iPhone.ActiveCfg = Release|Any CPU
		{C675A721-4A49-4B3C-A315-511E26C3389A}.Release|iPhone.Build.0 = Release|Any CPU
		{C675A721-4A49-4B3C-A315-511E26C3389A}.Release|iPhone.Deploy.0 = Release|Any CPU
		{C675A721-4A49-4B3C-A315-511E26C3389A}.Release|iPhoneSimulator.ActiveCfg = Release|Any CPU
		{C675A721-4A49-4B3C-A315-511E26C3389A}.Release|iPhoneSimulator.Build.0 = Release|Any CPU
		{C675A721-4A49-4B3C-A315-511E26C3389A}.Release|iPhoneSimulator.Deploy.0 = Release|Any CPU
		{E3D1DCF2-FCF5-4D73-B2A7-AE4E8B580D8C}.Debug|Any CPU.ActiveCfg = Debug|iPhone
		{E3D1DCF2-FCF5-4D73-B2A7-AE4E8B580D8C}.Debug|Any CPU.Build.0 = Debug|iPhone
		{E3D1DCF2-FCF5-4D73-B2A7-AE4E8B580D8C}.Debug|Any CPU.Deploy.0 = Debug|iPhone
		{E3D1DCF2-FCF5-4D73-B2A7-AE4E8B580D8C}.Debug|iPhone.ActiveCfg = Debug|iPhone
		{E3D1DCF2-FCF5-4D73-B2A7-AE4E8B580D8C}.Debug|iPhone.Build.0 = Debug|iPhone
		{E3D1DCF2-FCF5-4D73-B2A7-AE4E8B580D8C}.Debug|iPhone.Deploy.0 = Debug|iPhone
		{E3D1DCF2-FCF5-4D73-B2A7-AE4E8B580D8C}.Debug|iPhoneSimulator.ActiveCfg = Debug|iPhoneSimulator
		{E3D1DCF2-FCF5-4D73-B2A7-AE4E8B580D8C}.Debug|iPhoneSimulator.Build.0 = Debug|iPhoneSimulator
		{E3D1DCF2-FCF5-4D73-B2A7-AE4E8B580D8C}.Debug|iPhoneSimulator.Deploy.0 = Debug|iPhoneSimulator
		{E3D1DCF2-FCF5-4D73-B2A7-AE4E8B580D8C}.Release|Any CPU.ActiveCfg = Release|iPhoneSimulator
		{E3D1DCF2-FCF5-4D73-B2A7-AE4E8B580D8C}.Release|Any CPU.Build.0 = Release|iPhoneSimulator
		{E3D1DCF2-FCF5-4D73-B2A7-AE4E8B580D8C}.Release|Any CPU.Deploy.0 = Release|iPhoneSimulator
		{E3D1DCF2-FCF5-4D73-B2A7-AE4E8B580D8C}.Release|iPhone.ActiveCfg = Release|iPhone
		{E3D1DCF2-FCF5-4D73-B2A7-AE4E8B580D8C}.Release|iPhone.Build.0 = Release|iPhone
		{E3D1DCF2-FCF5-4D73-B2A7-AE4E8B580D8C}.Release|iPhone.Deploy.0 = Release|iPhone
		{E3D1DCF2-FCF5-4D73-B2A7-AE4E8B580D8C}.Release|iPhoneSimulator.ActiveCfg = Release|iPhoneSimulator
		{E3D1DCF2-FCF5-4D73-B2A7-AE4E8B580D8C}.Release|iPhoneSimulator.Build.0 = Release|iPhoneSimulator
		{E3D1DCF2-FCF5-4D73-B2A7-AE4E8B580D8C}.Release|iPhoneSimulator.Deploy.0 = Release|iPhoneSimulator
		{4A73A520-A551-48AD-9B4D-41D8B544FF49}.Debug|Any CPU.ActiveCfg = Debug|Any CPU
		{4A73A520-A551-48AD-9B4D-41D8B544FF49}.Debug|Any CPU.Build.0 = Debug|Any CPU
		{4A73A520-A551-48AD-9B4D-41D8B544FF49}.Debug|Any CPU.Deploy.0 = Debug|Any CPU
		{4A73A520-A551-48AD-9B4D-41D8B544FF49}.Debug|iPhone.ActiveCfg = Debug|Any CPU
		{4A73A520-A551-48AD-9B4D-41D8B544FF49}.Debug|iPhone.Build.0 = Debug|Any CPU
		{4A73A520-A551-48AD-9B4D-41D8B544FF49}.Debug|iPhone.Deploy.0 = Debug|Any CPU
		{4A73A520-A551-48AD-9B4D-41D8B544FF49}.Debug|iPhoneSimulator.ActiveCfg = Debug|Any CPU
		{4A73A520-A551-48AD-9B4D-41D8B544FF49}.Debug|iPhoneSimulator.Build.0 = Debug|Any CPU
		{4A73A520-A551-48AD-9B4D-41D8B544FF49}.Debug|iPhoneSimulator.Deploy.0 = Debug|Any CPU
		{4A73A520-A551-48AD-9B4D-41D8B544FF49}.Release|Any CPU.ActiveCfg = Release|Any CPU
		{4A73A520-A551-48AD-9B4D-41D8B544FF49}.Release|Any CPU.Build.0 = Release|Any CPU
		{4A73A520-A551-48AD-9B4D-41D8B544FF49}.Release|Any CPU.Deploy.0 = Release|Any CPU
		{4A73A520-A551-48AD-9B4D-41D8B544FF49}.Release|iPhone.ActiveCfg = Release|Any CPU
		{4A73A520-A551-48AD-9B4D-41D8B544FF49}.Release|iPhone.Build.0 = Release|Any CPU
		{4A73A520-A551-48AD-9B4D-41D8B544FF49}.Release|iPhone.Deploy.0 = Release|Any CPU
		{4A73A520-A551-48AD-9B4D-41D8B544FF49}.Release|iPhoneSimulator.ActiveCfg = Release|Any CPU
		{4A73A520-A551-48AD-9B4D-41D8B544FF49}.Release|iPhoneSimulator.Build.0 = Release|Any CPU
		{4A73A520-A551-48AD-9B4D-41D8B544FF49}.Release|iPhoneSimulator.Deploy.0 = Release|Any CPU
	EndGlobalSection
	GlobalSection(SolutionProperties) = preSolution
		HideSolutionNode = FALSE
	EndGlobalSection
	GlobalSection(ExtensibilityGlobals) = postSolution
		SolutionGuid = {2EFEBC60-7A40-4B03-81D4-55728EE1EEF8}
	EndGlobalSection
EndGlobal
