
Microsoft Visual Studio Solution File, Format Version 12.00
# Visual Studio Version 16
VisualStudioVersion = 16.0.31321.278
MinimumVisualStudioVersion = 10.0.40219.1
Project("{FAE04EC0-301F-11D3-BF4B-00C04F79EFBC}") = "Recursos.Android", "Recursos.Android\Recursos.Android.csproj", "{84D51664-9BF7-42EA-B0C4-DD0B6D4ACFFC}"
EndProject
Project("{FAE04EC0-301F-11D3-BF4B-00C04F79EFBC}") = "Recursos", "Recursos\Recursos.csproj", "{08623529-C66C-4A3E-BF04-23A5F2F9428F}"
EndProject
Global
	GlobalSection(SolutionConfigurationPlatforms) = preSolution
		Debug|Any CPU = Debug|Any CPU
		Debug|iPhone = Debug|iPhone
		Debug|iPhoneSimulator = Debug|iPhoneSimulator
		Release|Any CPU = Release|Any CPU
		Release|iPhone = Release|iPhone
		Release|iPhoneSimulator = Release|iPhoneSimulator
	EndGlobalSection
	GlobalSection(ProjectConfigurationPlatforms) = postSolution
		{84D51664-9BF7-42EA-B0C4-DD0B6D4ACFFC}.Debug|Any CPU.ActiveCfg = Debug|Any CPU
		{84D51664-9BF7-42EA-B0C4-DD0B6D4ACFFC}.Debug|Any CPU.Build.0 = Debug|Any CPU
		{84D51664-9BF7-42EA-B0C4-DD0B6D4ACFFC}.Debug|Any CPU.Deploy.0 = Debug|Any CPU
		{84D51664-9BF7-42EA-B0C4-DD0B6D4ACFFC}.Debug|iPhone.ActiveCfg = Debug|Any CPU
		{84D51664-9BF7-42EA-B0C4-DD0B6D4ACFFC}.Debug|iPhone.Build.0 = Debug|Any CPU
		{84D51664-9BF7-42EA-B0C4-DD0B6D4ACFFC}.Debug|iPhone.Deploy.0 = Debug|Any CPU
		{84D51664-9BF7-42EA-B0C4-DD0B6D4ACFFC}.Debug|iPhoneSimulator.ActiveCfg = Debug|Any CPU
		{84D51664-9BF7-42EA-B0C4-DD0B6D4ACFFC}.Debug|iPhoneSimulator.Build.0 = Debug|Any CPU
		{84D51664-9BF7-42EA-B0C4-DD0B6D4ACFFC}.Debug|iPhoneSimulator.Deploy.0 = Debug|Any CPU
		{84D51664-9BF7-42EA-B0C4-DD0B6D4ACFFC}.Release|Any CPU.ActiveCfg = Release|Any CPU
		{84D51664-9BF7-42EA-B0C4-DD0B6D4ACFFC}.Release|Any CPU.Build.0 = Release|Any CPU
		{84D51664-9BF7-42EA-B0C4-DD0B6D4ACFFC}.Release|Any CPU.Deploy.0 = Release|Any CPU
		{84D51664-9BF7-42EA-B0C4-DD0B6D4ACFFC}.Release|iPhone.ActiveCfg = Release|Any CPU
		{84D51664-9BF7-42EA-B0C4-DD0B6D4ACFFC}.Release|iPhone.Build.0 = Release|Any CPU
		{84D51664-9BF7-42EA-B0C4-DD0B6D4ACFFC}.Release|iPhone.Deploy.0 = Release|Any CPU
		{84D51664-9BF7-42EA-B0C4-DD0B6D4ACFFC}.Release|iPhoneSimulator.ActiveCfg = Release|Any CPU
		{84D51664-9BF7-42EA-B0C4-DD0B6D4ACFFC}.Release|iPhoneSimulator.Build.0 = Release|Any CPU
		{84D51664-9BF7-42EA-B0C4-DD0B6D4ACFFC}.Release|iPhoneSimulator.Deploy.0 = Release|Any CPU
		{08623529-C66C-4A3E-BF04-23A5F2F9428F}.Debug|Any CPU.ActiveCfg = Debug|Any CPU
		{08623529-C66C-4A3E-BF04-23A5F2F9428F}.Debug|Any CPU.Build.0 = Debug|Any CPU
		{08623529-C66C-4A3E-BF04-23A5F2F9428F}.Debug|Any CPU.Deploy.0 = Debug|Any CPU
		{08623529-C66C-4A3E-BF04-23A5F2F9428F}.Debug|iPhone.ActiveCfg = Debug|Any CPU
		{08623529-C66C-4A3E-BF04-23A5F2F9428F}.Debug|iPhone.Build.0 = Debug|Any CPU
		{08623529-C66C-4A3E-BF04-23A5F2F9428F}.Debug|iPhone.Deploy.0 = Debug|Any CPU
		{08623529-C66C-4A3E-BF04-23A5F2F9428F}.Debug|iPhoneSimulator.ActiveCfg = Debug|Any CPU
		{08623529-C66C-4A3E-BF04-23A5F2F9428F}.Debug|iPhoneSimulator.Build.0 = Debug|Any CPU
		{08623529-C66C-4A3E-BF04-23A5F2F9428F}.Debug|iPhoneSimulator.Deploy.0 = Debug|Any CPU
		{08623529-C66C-4A3E-BF04-23A5F2F9428F}.Release|Any CPU.ActiveCfg = Release|Any CPU
		{08623529-C66C-4A3E-BF04-23A5F2F9428F}.Release|Any CPU.Build.0 = Release|Any CPU
		{08623529-C66C-4A3E-BF04-23A5F2F9428F}.Release|Any CPU.Deploy.0 = Release|Any CPU
		{08623529-C66C-4A3E-BF04-23A5F2F9428F}.Release|iPhone.ActiveCfg = Release|Any CPU
		{08623529-C66C-4A3E-BF04-23A5F2F9428F}.Release|iPhone.Build.0 = Release|Any CPU
		{08623529-C66C-4A3E-BF04-23A5F2F9428F}.Release|iPhone.Deploy.0 = Release|Any CPU
		{08623529-C66C-4A3E-BF04-23A5F2F9428F}.Release|iPhoneSimulator.ActiveCfg = Release|Any CPU
		{08623529-C66C-4A3E-BF04-23A5F2F9428F}.Release|iPhoneSimulator.Build.0 = Release|Any CPU
		{08623529-C66C-4A3E-BF04-23A5F2F9428F}.Release|iPhoneSimulator.Deploy.0 = Release|Any CPU
	EndGlobalSection
	GlobalSection(SolutionProperties) = preSolution
		HideSolutionNode = FALSE
	EndGlobalSection
	GlobalSection(ExtensibilityGlobals) = postSolution
		SolutionGuid = {C5B1CD20-23A7-43A3-BA7D-DE21A0ED44DF}
	EndGlobalSection
EndGlobal
