
Microsoft Visual Studio Solution File, Format Version 12.00
# Visual Studio Version 16
VisualStudioVersion = 16.0.31424.327
MinimumVisualStudioVersion = 10.0.40219.1
Project("{FAE04EC0-301F-11D3-BF4B-00C04F79EFBC}") = "MessagingCenter.Android", "MessagingCenter\MessagingCenter.Android\MessagingCenter.Android.csproj", "{2C996F45-D2B2-4A7C-8C52-F658F025123C}"
EndProject
Project("{FAE04EC0-301F-11D3-BF4B-00C04F79EFBC}") = "MessagingCenter.iOS", "MessagingCenter\MessagingCenter.iOS\MessagingCenter.iOS.csproj", "{CDD29A49-5746-431E-9445-EF26340209E6}"
EndProject
Project("{FAE04EC0-301F-11D3-BF4B-00C04F79EFBC}") = "MessagingCenter", "MessagingCenter\MessagingCenter\MessagingCenter.csproj", "{0F479897-AE20-45A4-B8EA-39366844A6C8}"
EndProject
Global
	GlobalSection(SolutionConfigurationPlatforms) = preSolution
		Debug|Any CPU = Debug|Any CPU
		Debug|iPhone = Debug|iPhone
		Debug|iPhoneSimulator = Debug|iPhoneSimulator
		Release|Any CPU = Release|Any CPU
		Release|iPhone = Release|iPhone
		Release|iPhoneSimulator = Release|iPhoneSimulator
	EndGlobalSection
	GlobalSection(ProjectConfigurationPlatforms) = postSolution
		{2C996F45-D2B2-4A7C-8C52-F658F025123C}.Debug|Any CPU.ActiveCfg = Debug|Any CPU
		{2C996F45-D2B2-4A7C-8C52-F658F025123C}.Debug|Any CPU.Build.0 = Debug|Any CPU
		{2C996F45-D2B2-4A7C-8C52-F658F025123C}.Debug|Any CPU.Deploy.0 = Debug|Any CPU
		{2C996F45-D2B2-4A7C-8C52-F658F025123C}.Debug|iPhone.ActiveCfg = Debug|Any CPU
		{2C996F45-D2B2-4A7C-8C52-F658F025123C}.Debug|iPhone.Build.0 = Debug|Any CPU
		{2C996F45-D2B2-4A7C-8C52-F658F025123C}.Debug|iPhone.Deploy.0 = Debug|Any CPU
		{2C996F45-D2B2-4A7C-8C52-F658F025123C}.Debug|iPhoneSimulator.ActiveCfg = Debug|Any CPU
		{2C996F45-D2B2-4A7C-8C52-F658F025123C}.Debug|iPhoneSimulator.Build.0 = Debug|Any CPU
		{2C996F45-D2B2-4A7C-8C52-F658F025123C}.Debug|iPhoneSimulator.Deploy.0 = Debug|Any CPU
		{2C996F45-D2B2-4A7C-8C52-F658F025123C}.Release|Any CPU.ActiveCfg = Release|Any CPU
		{2C996F45-D2B2-4A7C-8C52-F658F025123C}.Release|Any CPU.Build.0 = Release|Any CPU
		{2C996F45-D2B2-4A7C-8C52-F658F025123C}.Release|Any CPU.Deploy.0 = Release|Any CPU
		{2C996F45-D2B2-4A7C-8C52-F658F025123C}.Release|iPhone.ActiveCfg = Release|Any CPU
		{2C996F45-D2B2-4A7C-8C52-F658F025123C}.Release|iPhone.Build.0 = Release|Any CPU
		{2C996F45-D2B2-4A7C-8C52-F658F025123C}.Release|iPhone.Deploy.0 = Release|Any CPU
		{2C996F45-D2B2-4A7C-8C52-F658F025123C}.Release|iPhoneSimulator.ActiveCfg = Release|Any CPU
		{2C996F45-D2B2-4A7C-8C52-F658F025123C}.Release|iPhoneSimulator.Build.0 = Release|Any CPU
		{2C996F45-D2B2-4A7C-8C52-F658F025123C}.Release|iPhoneSimulator.Deploy.0 = Release|Any CPU
		{CDD29A49-5746-431E-9445-EF26340209E6}.Debug|Any CPU.ActiveCfg = Debug|iPhone
		{CDD29A49-5746-431E-9445-EF26340209E6}.Debug|Any CPU.Build.0 = Debug|iPhone
		{CDD29A49-5746-431E-9445-EF26340209E6}.Debug|Any CPU.Deploy.0 = Debug|iPhone
		{CDD29A49-5746-431E-9445-EF26340209E6}.Debug|iPhone.ActiveCfg = Debug|iPhone
		{CDD29A49-5746-431E-9445-EF26340209E6}.Debug|iPhone.Build.0 = Debug|iPhone
		{CDD29A49-5746-431E-9445-EF26340209E6}.Debug|iPhone.Deploy.0 = Debug|iPhone
		{CDD29A49-5746-431E-9445-EF26340209E6}.Debug|iPhoneSimulator.ActiveCfg = Debug|iPhoneSimulator
		{CDD29A49-5746-431E-9445-EF26340209E6}.Debug|iPhoneSimulator.Build.0 = Debug|iPhoneSimulator
		{CDD29A49-5746-431E-9445-EF26340209E6}.Debug|iPhoneSimulator.Deploy.0 = Debug|iPhoneSimulator
		{CDD29A49-5746-431E-9445-EF26340209E6}.Release|Any CPU.ActiveCfg = Release|iPhoneSimulator
		{CDD29A49-5746-431E-9445-EF26340209E6}.Release|Any CPU.Build.0 = Release|iPhoneSimulator
		{CDD29A49-5746-431E-9445-EF26340209E6}.Release|Any CPU.Deploy.0 = Release|iPhoneSimulator
		{CDD29A49-5746-431E-9445-EF26340209E6}.Release|iPhone.ActiveCfg = Release|iPhone
		{CDD29A49-5746-431E-9445-EF26340209E6}.Release|iPhone.Build.0 = Release|iPhone
		{CDD29A49-5746-431E-9445-EF26340209E6}.Release|iPhone.Deploy.0 = Release|iPhone
		{CDD29A49-5746-431E-9445-EF26340209E6}.Release|iPhoneSimulator.ActiveCfg = Release|iPhoneSimulator
		{CDD29A49-5746-431E-9445-EF26340209E6}.Release|iPhoneSimulator.Build.0 = Release|iPhoneSimulator
		{CDD29A49-5746-431E-9445-EF26340209E6}.Release|iPhoneSimulator.Deploy.0 = Release|iPhoneSimulator
		{0F479897-AE20-45A4-B8EA-39366844A6C8}.Debug|Any CPU.ActiveCfg = Debug|Any CPU
		{0F479897-AE20-45A4-B8EA-39366844A6C8}.Debug|Any CPU.Build.0 = Debug|Any CPU
		{0F479897-AE20-45A4-B8EA-39366844A6C8}.Debug|Any CPU.Deploy.0 = Debug|Any CPU
		{0F479897-AE20-45A4-B8EA-39366844A6C8}.Debug|iPhone.ActiveCfg = Debug|Any CPU
		{0F479897-AE20-45A4-B8EA-39366844A6C8}.Debug|iPhone.Build.0 = Debug|Any CPU
		{0F479897-AE20-45A4-B8EA-39366844A6C8}.Debug|iPhone.Deploy.0 = Debug|Any CPU
		{0F479897-AE20-45A4-B8EA-39366844A6C8}.Debug|iPhoneSimulator.ActiveCfg = Debug|Any CPU
		{0F479897-AE20-45A4-B8EA-39366844A6C8}.Debug|iPhoneSimulator.Build.0 = Debug|Any CPU
		{0F479897-AE20-45A4-B8EA-39366844A6C8}.Debug|iPhoneSimulator.Deploy.0 = Debug|Any CPU
		{0F479897-AE20-45A4-B8EA-39366844A6C8}.Release|Any CPU.ActiveCfg = Release|Any CPU
		{0F479897-AE20-45A4-B8EA-39366844A6C8}.Release|Any CPU.Build.0 = Release|Any CPU
		{0F479897-AE20-45A4-B8EA-39366844A6C8}.Release|Any CPU.Deploy.0 = Release|Any CPU
		{0F479897-AE20-45A4-B8EA-39366844A6C8}.Release|iPhone.ActiveCfg = Release|Any CPU
		{0F479897-AE20-45A4-B8EA-39366844A6C8}.Release|iPhone.Build.0 = Release|Any CPU
		{0F479897-AE20-45A4-B8EA-39366844A6C8}.Release|iPhone.Deploy.0 = Release|Any CPU
		{0F479897-AE20-45A4-B8EA-39366844A6C8}.Release|iPhoneSimulator.ActiveCfg = Release|Any CPU
		{0F479897-AE20-45A4-B8EA-39366844A6C8}.Release|iPhoneSimulator.Build.0 = Release|Any CPU
		{0F479897-AE20-45A4-B8EA-39366844A6C8}.Release|iPhoneSimulator.Deploy.0 = Release|Any CPU
	EndGlobalSection
	GlobalSection(SolutionProperties) = preSolution
		HideSolutionNode = FALSE
	EndGlobalSection
	GlobalSection(ExtensibilityGlobals) = postSolution
		SolutionGuid = {83C07448-66A1-4383-B92E-A635069A4103}
	EndGlobalSection
EndGlobal
