
Microsoft Visual Studio Solution File, Format Version 12.00
# Visual Studio Version 16
VisualStudioVersion = 16.0.31424.327
MinimumVisualStudioVersion = 10.0.40219.1
Project("{FAE04EC0-301F-11D3-BF4B-00C04F79EFBC}") = "AccesoDatos.Android", "AccesoDatos\AccesoDatos.Android\AccesoDatos.Android.csproj", "{A3649A3F-AC99-4875-A918-5AAD8C1C3ED7}"
EndProject
Project("{FAE04EC0-301F-11D3-BF4B-00C04F79EFBC}") = "AccesoDatos.iOS", "AccesoDatos\AccesoDatos.iOS\AccesoDatos.iOS.csproj", "{0D08992F-DC6B-4A96-AFE6-9855BA930D85}"
EndProject
Project("{FAE04EC0-301F-11D3-BF4B-00C04F79EFBC}") = "AccesoDatos", "AccesoDatos\AccesoDatos\AccesoDatos.csproj", "{7B786E9B-D6DA-4260-8ED8-6BC38B9294D0}"
EndProject
Global
	GlobalSection(SolutionConfigurationPlatforms) = preSolution
		Debug|Any CPU = Debug|Any CPU
		Debug|iPhone = Debug|iPhone
		Debug|iPhoneSimulator = Debug|iPhoneSimulator
		Release|Any CPU = Release|Any CPU
		Release|iPhone = Release|iPhone
		Release|iPhoneSimulator = Release|iPhoneSimulator
	EndGlobalSection
	GlobalSection(ProjectConfigurationPlatforms) = postSolution
		{A3649A3F-AC99-4875-A918-5AAD8C1C3ED7}.Debug|Any CPU.ActiveCfg = Debug|Any CPU
		{A3649A3F-AC99-4875-A918-5AAD8C1C3ED7}.Debug|Any CPU.Build.0 = Debug|Any CPU
		{A3649A3F-AC99-4875-A918-5AAD8C1C3ED7}.Debug|Any CPU.Deploy.0 = Debug|Any CPU
		{A3649A3F-AC99-4875-A918-5AAD8C1C3ED7}.Debug|iPhone.ActiveCfg = Debug|Any CPU
		{A3649A3F-AC99-4875-A918-5AAD8C1C3ED7}.Debug|iPhone.Build.0 = Debug|Any CPU
		{A3649A3F-AC99-4875-A918-5AAD8C1C3ED7}.Debug|iPhone.Deploy.0 = Debug|Any CPU
		{A3649A3F-AC99-4875-A918-5AAD8C1C3ED7}.Debug|iPhoneSimulator.ActiveCfg = Debug|Any CPU
		{A3649A3F-AC99-4875-A918-5AAD8C1C3ED7}.Debug|iPhoneSimulator.Build.0 = Debug|Any CPU
		{A3649A3F-AC99-4875-A918-5AAD8C1C3ED7}.Debug|iPhoneSimulator.Deploy.0 = Debug|Any CPU
		{A3649A3F-AC99-4875-A918-5AAD8C1C3ED7}.Release|Any CPU.ActiveCfg = Release|Any CPU
		{A3649A3F-AC99-4875-A918-5AAD8C1C3ED7}.Release|Any CPU.Build.0 = Release|Any CPU
		{A3649A3F-AC99-4875-A918-5AAD8C1C3ED7}.Release|Any CPU.Deploy.0 = Release|Any CPU
		{A3649A3F-AC99-4875-A918-5AAD8C1C3ED7}.Release|iPhone.ActiveCfg = Release|Any CPU
		{A3649A3F-AC99-4875-A918-5AAD8C1C3ED7}.Release|iPhone.Build.0 = Release|Any CPU
		{A3649A3F-AC99-4875-A918-5AAD8C1C3ED7}.Release|iPhone.Deploy.0 = Release|Any CPU
		{A3649A3F-AC99-4875-A918-5AAD8C1C3ED7}.Release|iPhoneSimulator.ActiveCfg = Release|Any CPU
		{A3649A3F-AC99-4875-A918-5AAD8C1C3ED7}.Release|iPhoneSimulator.Build.0 = Release|Any CPU
		{A3649A3F-AC99-4875-A918-5AAD8C1C3ED7}.Release|iPhoneSimulator.Deploy.0 = Release|Any CPU
		{0D08992F-DC6B-4A96-AFE6-9855BA930D85}.Debug|Any CPU.ActiveCfg = Debug|iPhone
		{0D08992F-DC6B-4A96-AFE6-9855BA930D85}.Debug|Any CPU.Build.0 = Debug|iPhone
		{0D08992F-DC6B-4A96-AFE6-9855BA930D85}.Debug|Any CPU.Deploy.0 = Debug|iPhone
		{0D08992F-DC6B-4A96-AFE6-9855BA930D85}.Debug|iPhone.ActiveCfg = Debug|iPhone
		{0D08992F-DC6B-4A96-AFE6-9855BA930D85}.Debug|iPhone.Build.0 = Debug|iPhone
		{0D08992F-DC6B-4A96-AFE6-9855BA930D85}.Debug|iPhone.Deploy.0 = Debug|iPhone
		{0D08992F-DC6B-4A96-AFE6-9855BA930D85}.Debug|iPhoneSimulator.ActiveCfg = Debug|iPhoneSimulator
		{0D08992F-DC6B-4A96-AFE6-9855BA930D85}.Debug|iPhoneSimulator.Build.0 = Debug|iPhoneSimulator
		{0D08992F-DC6B-4A96-AFE6-9855BA930D85}.Debug|iPhoneSimulator.Deploy.0 = Debug|iPhoneSimulator
		{0D08992F-DC6B-4A96-AFE6-9855BA930D85}.Release|Any CPU.ActiveCfg = Release|iPhoneSimulator
		{0D08992F-DC6B-4A96-AFE6-9855BA930D85}.Release|Any CPU.Build.0 = Release|iPhoneSimulator
		{0D08992F-DC6B-4A96-AFE6-9855BA930D85}.Release|Any CPU.Deploy.0 = Release|iPhoneSimulator
		{0D08992F-DC6B-4A96-AFE6-9855BA930D85}.Release|iPhone.ActiveCfg = Release|iPhone
		{0D08992F-DC6B-4A96-AFE6-9855BA930D85}.Release|iPhone.Build.0 = Release|iPhone
		{0D08992F-DC6B-4A96-AFE6-9855BA930D85}.Release|iPhone.Deploy.0 = Release|iPhone
		{0D08992F-DC6B-4A96-AFE6-9855BA930D85}.Release|iPhoneSimulator.ActiveCfg = Release|iPhoneSimulator
		{0D08992F-DC6B-4A96-AFE6-9855BA930D85}.Release|iPhoneSimulator.Build.0 = Release|iPhoneSimulator
		{0D08992F-DC6B-4A96-AFE6-9855BA930D85}.Release|iPhoneSimulator.Deploy.0 = Release|iPhoneSimulator
		{7B786E9B-D6DA-4260-8ED8-6BC38B9294D0}.Debug|Any CPU.ActiveCfg = Debug|Any CPU
		{7B786E9B-D6DA-4260-8ED8-6BC38B9294D0}.Debug|Any CPU.Build.0 = Debug|Any CPU
		{7B786E9B-D6DA-4260-8ED8-6BC38B9294D0}.Debug|Any CPU.Deploy.0 = Debug|Any CPU
		{7B786E9B-D6DA-4260-8ED8-6BC38B9294D0}.Debug|iPhone.ActiveCfg = Debug|Any CPU
		{7B786E9B-D6DA-4260-8ED8-6BC38B9294D0}.Debug|iPhone.Build.0 = Debug|Any CPU
		{7B786E9B-D6DA-4260-8ED8-6BC38B9294D0}.Debug|iPhone.Deploy.0 = Debug|Any CPU
		{7B786E9B-D6DA-4260-8ED8-6BC38B9294D0}.Debug|iPhoneSimulator.ActiveCfg = Debug|Any CPU
		{7B786E9B-D6DA-4260-8ED8-6BC38B9294D0}.Debug|iPhoneSimulator.Build.0 = Debug|Any CPU
		{7B786E9B-D6DA-4260-8ED8-6BC38B9294D0}.Debug|iPhoneSimulator.Deploy.0 = Debug|Any CPU
		{7B786E9B-D6DA-4260-8ED8-6BC38B9294D0}.Release|Any CPU.ActiveCfg = Release|Any CPU
		{7B786E9B-D6DA-4260-8ED8-6BC38B9294D0}.Release|Any CPU.Build.0 = Release|Any CPU
		{7B786E9B-D6DA-4260-8ED8-6BC38B9294D0}.Release|Any CPU.Deploy.0 = Release|Any CPU
		{7B786E9B-D6DA-4260-8ED8-6BC38B9294D0}.Release|iPhone.ActiveCfg = Release|Any CPU
		{7B786E9B-D6DA-4260-8ED8-6BC38B9294D0}.Release|iPhone.Build.0 = Release|Any CPU
		{7B786E9B-D6DA-4260-8ED8-6BC38B9294D0}.Release|iPhone.Deploy.0 = Release|Any CPU
		{7B786E9B-D6DA-4260-8ED8-6BC38B9294D0}.Release|iPhoneSimulator.ActiveCfg = Release|Any CPU
		{7B786E9B-D6DA-4260-8ED8-6BC38B9294D0}.Release|iPhoneSimulator.Build.0 = Release|Any CPU
		{7B786E9B-D6DA-4260-8ED8-6BC38B9294D0}.Release|iPhoneSimulator.Deploy.0 = Release|Any CPU
	EndGlobalSection
	GlobalSection(SolutionProperties) = preSolution
		HideSolutionNode = FALSE
	EndGlobalSection
	GlobalSection(ExtensibilityGlobals) = postSolution
		SolutionGuid = {F455DE56-2E5C-47BA-ACD6-9F2C1B6E08F4}
	EndGlobalSection
EndGlobal
